// !$*UTF8*$!
{
	archiveVersion = 1;
	classes = {
	};
	objectVersion = 46;
	objects = {

/* Begin PBXBuildFile section */
		96FF8B471DE6CDBF0054A224 /* main.m in Sources */ = {isa = PBXBuildFile; fileRef = 96FF8B461DE6CDBF0054A224 /* main.m */; };
		96FF8B4A1DE6CDBF0054A224 /* AppDelegate.m in Sources */ = {isa = PBXBuildFile; fileRef = 96FF8B491DE6CDBF0054A224 /* AppDelegate.m */; };
		96FF8B4D1DE6CDBF0054A224 /* ViewController.m in Sources */ = {isa = PBXBuildFile; fileRef = 96FF8B4C1DE6CDBF0054A224 /* ViewController.m */; };
		96FF8B501DE6CDBF0054A224 /* Main.storyboard in Resources */ = {isa = PBXBuildFile; fileRef = 96FF8B4E1DE6CDBF0054A224 /* Main.storyboard */; };
		96FF8B521DE6CDBF0054A224 /* Assets.xcassets in Resources */ = {isa = PBXBuildFile; fileRef = 96FF8B511DE6CDBF0054A224 /* Assets.xcassets */; };
		96FF8B551DE6CDBF0054A224 /* LaunchScreen.storyboard in Resources */ = {isa = PBXBuildFile; fileRef = 96FF8B531DE6CDBF0054A224 /* LaunchScreen.storyboard */; };
		96FF8B601DE6CDBF0054A224 /* TCPhotoBrowserTests.m in Sources */ = {isa = PBXBuildFile; fileRef = 96FF8B5F1DE6CDBF0054A224 /* TCPhotoBrowserTests.m */; };
		96FF8B6B1DE6CDBF0054A224 /* TCPhotoBrowserUITests.m in Sources */ = {isa = PBXBuildFile; fileRef = 96FF8B6A1DE6CDBF0054A224 /* TCPhotoBrowserUITests.m */; };
/* End PBXBuildFile section */

/* Begin PBXContainerItemProxy section */
		96FF8B5C1DE6CDBF0054A224 /* PBXContainerItemProxy */ = {
			isa = PBXContainerItemProxy;
			containerPortal = 96FF8B3A1DE6CDBF0054A224 /* Project object */;
			proxyType = 1;
			remoteGlobalIDString = 96FF8B411DE6CDBF0054A224;
			remoteInfo = TCPhotoBrowser;
		};
		96FF8B671DE6CDBF0054A224 /* PBXContainerItemProxy */ = {
			isa = PBXContainerItemProxy;
			containerPortal = 96FF8B3A1DE6CDBF0054A224 /* Project object */;
			proxyType = 1;
			remoteGlobalIDString = 96FF8B411DE6CDBF0054A224;
			remoteInfo = TCPhotoBrowser;
		};
/* End PBXContainerItemProxy section */

/* Begin PBXFileReference section */
		96FF8B421DE6CDBF0054A224 /* TCPhotoBrowser.app */ = {isa = PBXFileReference; explicitFileType = wrapper.application; includeInIndex = 0; path = TCPhotoBrowser.app; sourceTree = BUILT_PRODUCTS_DIR; };
		96FF8B461DE6CDBF0054A224 /* main.m */ = {isa = PBXFileReference; lastKnownFileType = sourcecode.c.objc; path = main.m; sourceTree = "<group>"; };
		96FF8B481DE6CDBF0054A224 /* AppDelegate.h */ = {isa = PBXFileReference; lastKnownFileType = sourcecode.c.h; path = AppDelegate.h; sourceTree = "<group>"; };
		96FF8B491DE6CDBF0054A224 /* AppDelegate.m */ = {isa = PBXFileReference; lastKnownFileType = sourcecode.c.objc; path = AppDelegate.m; sourceTree = "<group>"; };
		96FF8B4B1DE6CDBF0054A224 /* ViewController.h */ = {isa = PBXFileReference; lastKnownFileType = sourcecode.c.h; path = ViewController.h; sourceTree = "<group>"; };
		96FF8B4C1DE6CDBF0054A224 /* ViewController.m */ = {isa = PBXFileReference; lastKnownFileType = sourcecode.c.objc; path = ViewController.m; sourceTree = "<group>"; };
		96FF8B4F1DE6CDBF0054A224 /* Base */ = {isa = PBXFileReference; lastKnownFileType = file.storyboard; name = Base; path = Base.lproj/Main.storyboard; sourceTree = "<group>"; };
		96FF8B511DE6CDBF0054A224 /* Assets.xcassets */ = {isa = PBXFileReference; lastKnownFileType = folder.assetcatalog; path = Assets.xcassets; sourceTree = "<group>"; };
		96FF8B541DE6CDBF0054A224 /* Base */ = {isa = PBXFileReference; lastKnownFileType = file.storyboard; name = Base; path = Base.lproj/LaunchScreen.storyboard; sourceTree = "<group>"; };
		96FF8B561DE6CDBF0054A224 /* Info.plist */ = {isa = PBXFileReference; lastKnownFileType = text.plist.xml; path = Info.plist; sourceTree = "<group>"; };
		96FF8B5B1DE6CDBF0054A224 /* TCPhotoBrowserTests.xctest */ = {isa = PBXFileReference; explicitFileType = wrapper.cfbundle; includeInIndex = 0; path = TCPhotoBrowserTests.xctest; sourceTree = BUILT_PRODUCTS_DIR; };
		96FF8B5F1DE6CDBF0054A224 /* TCPhotoBrowserTests.m */ = {isa = PBXFileReference; lastKnownFileType = sourcecode.c.objc; path = TCPhotoBrowserTests.m; sourceTree = "<group>"; };
		96FF8B611DE6CDBF0054A224 /* Info.plist */ = {isa = PBXFileReference; lastKnownFileType = text.plist.xml; path = Info.plist; sourceTree = "<group>"; };
		96FF8B661DE6CDBF0054A224 /* TCPhotoBrowserUITests.xctest */ = {isa = PBXFileReference; explicitFileType = wrapper.cfbundle; includeInIndex = 0; path = TCPhotoBrowserUITests.xctest; sourceTree = BUILT_PRODUCTS_DIR; };
		96FF8B6A1DE6CDBF0054A224 /* TCPhotoBrowserUITests.m */ = {isa = PBXFileReference; lastKnownFileType = sourcecode.c.objc; path = TCPhotoBrowserUITests.m; sourceTree = "<group>"; };
		96FF8B6C1DE6CDBF0054A224 /* Info.plist */ = {isa = PBXFileReference; lastKnownFileType = text.plist.xml; path = Info.plist; sourceTree = "<group>"; };
/* End PBXFileReference section */

/* Begin PBXFrameworksBuildPhase section */
		96FF8B3F1DE6CDBF0054A224 /* Frameworks */ = {
			isa = PBXFrameworksBuildPhase;
			buildActionMask = 2147483647;
			files = (
			);
			runOnlyForDeploymentPostprocessing = 0;
		};
		96FF8B581DE6CDBF0054A224 /* Frameworks */ = {
			isa = PBXFrameworksBuildPhase;
			buildActionMask = 2147483647;
			files = (
			);
			runOnlyForDeploymentPostprocessing = 0;
		};
		96FF8B631DE6CDBF0054A224 /* Frameworks */ = {
			isa = PBXFrameworksBuildPhase;
			buildActionMask = 2147483647;
			files = (
			);
			runOnlyForDeploymentPostprocessing = 0;
		};
/* End PBXFrameworksBuildPhase section */

/* Begin PBXGroup section */
		96FF8B391DE6CDBF0054A224 = {
			isa = PBXGroup;
			children = (
				96FF8B441DE6CDBF0054A224 /* TCPhotoBrowser */,
				96FF8B5E1DE6CDBF0054A224 /* TCPhotoBrowserTests */,
				96FF8B691DE6CDBF0054A224 /* TCPhotoBrowserUITests */,
				96FF8B431DE6CDBF0054A224 /* Products */,
			);
			sourceTree = "<group>";
		};
		96FF8B431DE6CDBF0054A224 /* Products */ = {
			isa = PBXGroup;
			children = (
				96FF8B421DE6CDBF0054A224 /* TCPhotoBrowser.app */,
				96FF8B5B1DE6CDBF0054A224 /* TCPhotoBrowserTests.xctest */,
				96FF8B661DE6CDBF0054A224 /* TCPhotoBrowserUITests.xctest */,
			);
			name = Products;
			sourceTree = "<group>";
		};
		96FF8B441DE6CDBF0054A224 /* TCPhotoBrowser */ = {
			isa = PBXGroup;
			children = (
				96FF8B481DE6CDBF0054A224 /* AppDelegate.h */,
				96FF8B491DE6CDBF0054A224 /* AppDelegate.m */,
				96FF8B4B1DE6CDBF0054A224 /* ViewController.h */,
				96FF8B4C1DE6CDBF0054A224 /* ViewController.m */,
				96FF8B4E1DE6CDBF0054A224 /* Main.storyboard */,
				96FF8B511DE6CDBF0054A224 /* Assets.xcassets */,
				96FF8B531DE6CDBF0054A224 /* LaunchScreen.storyboard */,
				96FF8B561DE6CDBF0054A224 /* Info.plist */,
				96FF8B451DE6CDBF0054A224 /* Supporting Files */,
			);
			path = TCPhotoBrowser;
			sourceTree = "<group>";
		};
		96FF8B451DE6CDBF0054A224 /* Supporting Files */ = {
			isa = PBXGroup;
			children = (
				96FF8B461DE6CDBF0054A224 /* main.m */,
			);
			name = "Supporting Files";
			sourceTree = "<group>";
		};
		96FF8B5E1DE6CDBF0054A224 /* TCPhotoBrowserTests */ = {
			isa = PBXGroup;
			children = (
				96FF8B5F1DE6CDBF0054A224 /* TCPhotoBrowserTests.m */,
				96FF8B611DE6CDBF0054A224 /* Info.plist */,
			);
			path = TCPhotoBrowserTests;
			sourceTree = "<group>";
		};
		96FF8B691DE6CDBF0054A224 /* TCPhotoBrowserUITests */ = {
			isa = PBXGroup;
			children = (
				96FF8B6A1DE6CDBF0054A224 /* TCPhotoBrowserUITests.m */,
				96FF8B6C1DE6CDBF0054A224 /* Info.plist */,
			);
			path = TCPhotoBrowserUITests;
			sourceTree = "<group>";
		};
/* End PBXGroup section */

/* Begin PBXNativeTarget section */
		96FF8B411DE6CDBF0054A224 /* TCPhotoBrowser */ = {
			isa = PBXNativeTarget;
			buildConfigurationList = 96FF8B6F1DE6CDBF0054A224 /* Build configuration list for PBXNativeTarget "TCPhotoBrowser" */;
			buildPhases = (
				96FF8B3E1DE6CDBF0054A224 /* Sources */,
				96FF8B3F1DE6CDBF0054A224 /* Frameworks */,
				96FF8B401DE6CDBF0054A224 /* Resources */,
			);
			buildRules = (
			);
			dependencies = (
			);
			name = TCPhotoBrowser;
			productName = TCPhotoBrowser;
			productReference = 96FF8B421DE6CDBF0054A224 /* TCPhotoBrowser.app */;
			productType = "com.apple.product-type.application";
		};
		96FF8B5A1DE6CDBF0054A224 /* TCPhotoBrowserTests */ = {
			isa = PBXNativeTarget;
			buildConfigurationList = 96FF8B721DE6CDBF0054A224 /* Build configuration list for PBXNativeTarget "TCPhotoBrowserTests" */;
			buildPhases = (
				96FF8B571DE6CDBF0054A224 /* Sources */,
				96FF8B581DE6CDBF0054A224 /* Frameworks */,
				96FF8B591DE6CDBF0054A224 /* Resources */,
			);
			buildRules = (
			);
			dependencies = (
				96FF8B5D1DE6CDBF0054A224 /* PBXTargetDependency */,
			);
			name = TCPhotoBrowserTests;
			productName = TCPhotoBrowserTests;
			productReference = 96FF8B5B1DE6CDBF0054A224 /* TCPhotoBrowserTests.xctest */;
			productType = "com.apple.product-type.bundle.unit-test";
		};
		96FF8B651DE6CDBF0054A224 /* TCPhotoBrowserUITests */ = {
			isa = PBXNativeTarget;
			buildConfigurationList = 96FF8B751DE6CDBF0054A224 /* Build configuration list for PBXNativeTarget "TCPhotoBrowserUITests" */;
			buildPhases = (
				96FF8B621DE6CDBF0054A224 /* Sources */,
				96FF8B631DE6CDBF0054A224 /* Frameworks */,
				96FF8B641DE6CDBF0054A224 /* Resources */,
			);
			buildRules = (
			);
			dependencies = (
				96FF8B681DE6CDBF0054A224 /* PBXTargetDependency */,
			);
			name = TCPhotoBrowserUITests;
			productName = TCPhotoBrowserUITests;
			productReference = 96FF8B661DE6CDBF0054A224 /* TCPhotoBrowserUITests.xctest */;
			productType = "com.apple.product-type.bundle.ui-testing";
		};
/* End PBXNativeTarget section */

/* Begin PBXProject section */
		96FF8B3A1DE6CDBF0054A224 /* Project object */ = {
			isa = PBXProject;
			attributes = {
				LastUpgradeCheck = 0810;
				ORGANIZATIONNAME = TailC;
				TargetAttributes = {
					96FF8B411DE6CDBF0054A224 = {
						CreatedOnToolsVersion = 8.1;
						DevelopmentTeam = X9EJ7HR3QF;
						ProvisioningStyle = Automatic;
					};
					96FF8B5A1DE6CDBF0054A224 = {
						CreatedOnToolsVersion = 8.1;
						DevelopmentTeam = X9EJ7HR3QF;
						ProvisioningStyle = Automatic;
						TestTargetID = 96FF8B411DE6CDBF0054A224;
					};
					96FF8B651DE6CDBF0054A224 = {
						CreatedOnToolsVersion = 8.1;
						DevelopmentTeam = X9EJ7HR3QF;
						ProvisioningStyle = Automatic;
						TestTargetID = 96FF8B411DE6CDBF0054A224;
					};
				};
			};
			buildConfigurationList = 96FF8B3D1DE6CDBF0054A224 /* Build configuration list for PBXProject "TCPhotoBrowser" */;
			compatibilityVersion = "Xcode 3.2";
			developmentRegion = English;
			hasScannedForEncodings = 0;
			knownRegions = (
				en,
				Base,
			);
			mainGroup = 96FF8B391DE6CDBF0054A224;
			productRefGroup = 96FF8B431DE6CDBF0054A224 /* Products */;
			projectDirPath = "";
			projectRoot = "";
			targets = (
				96FF8B411DE6CDBF0054A224 /* TCPhotoBrowser */,
				96FF8B5A1DE6CDBF0054A224 /* TCPhotoBrowserTests */,
				96FF8B651DE6CDBF0054A224 /* TCPhotoBrowserUITests */,
			);
		};
/* End PBXProject section */

/* Begin PBXResourcesBuildPhase section */
		96FF8B401DE6CDBF0054A224 /* Resources */ = {
			isa = PBXResourcesBuildPhase;
			buildActionMask = 2147483647;
			files = (
				96FF8B551DE6CDBF0054A224 /* LaunchScreen.storyboard in Resources */,
				96FF8B521DE6CDBF0054A224 /* Assets.xcassets in Resources */,
				96FF8B501DE6CDBF0054A224 /* Main.storyboard in Resources */,
			);
			runOnlyForDeploymentPostprocessing = 0;
		};
		96FF8B591DE6CDBF0054A224 /* Resources */ = {
			isa = PBXResourcesBuildPhase;
			buildActionMask = 2147483647;
			files = (
			);
			runOnlyForDeploymentPostprocessing = 0;
		};
		96FF8B641DE6CDBF0054A224 /* Resources */ = {
			isa = PBXResourcesBuildPhase;
			buildActionMask = 2147483647;
			files = (
			);
			runOnlyForDeploymentPostprocessing = 0;
		};
/* End PBXResourcesBuildPhase section */

/* Begin PBXSourcesBuildPhase section */
		96FF8B3E1DE6CDBF0054A224 /* Sources */ = {
			isa = PBXSourcesBuildPhase;
			buildActionMask = 2147483647;
			files = (
				96FF8B4D1DE6CDBF0054A224 /* ViewController.m in Sources */,
				96FF8B4A1DE6CDBF0054A224 /* AppDelegate.m in Sources */,
				96FF8B471DE6CDBF0054A224 /* main.m in Sources */,
			);
			runOnlyForDeploymentPostprocessing = 0;
		};
		96FF8B571DE6CDBF0054A224 /* Sources */ = {
			isa = PBXSourcesBuildPhase;
			buildActionMask = 2147483647;
			files = (
				96FF8B601DE6CDBF0054A224 /* TCPhotoBrowserTests.m in Sources */,
			);
			runOnlyForDeploymentPostprocessing = 0;
		};
		96FF8B621DE6CDBF0054A224 /* Sources */ = {
			isa = PBXSourcesBuildPhase;
			buildActionMask = 2147483647;
			files = (
				96FF8B6B1DE6CDBF0054A224 /* TCPhotoBrowserUITests.m in Sources */,
			);
			runOnlyForDeploymentPostprocessing = 0;
		};
/* End PBXSourcesBuildPhase section */

/* Begin PBXTargetDependency section */
		96FF8B5D1DE6CDBF0054A224 /* PBXTargetDependency */ = {
			isa = PBXTargetDependency;
			target = 96FF8B411DE6CDBF0054A224 /* TCPhotoBrowser */;
			targetProxy = 96FF8B5C1DE6CDBF0054A224 /* PBXContainerItemProxy */;
		};
		96FF8B681DE6CDBF0054A224 /* PBXTargetDependency */ = {
			isa = PBXTargetDependency;
			target = 96FF8B411DE6CDBF0054A224 /* TCPhotoBrowser */;
			targetProxy = 96FF8B671DE6CDBF0054A224 /* PBXContainerItemProxy */;
		};
/* End PBXTargetDependency section */

/* Begin PBXVariantGroup section */
		96FF8B4E1DE6CDBF0054A224 /* Main.storyboard */ = {
			isa = PBXVariantGroup;
			children = (
				96FF8B4F1DE6CDBF0054A224 /* Base */,
			);
			name = Main.storyboard;
			sourceTree = "<group>";
		};
		96FF8B531DE6CDBF0054A224 /* LaunchScreen.storyboard */ = {
			isa = PBXVariantGroup;
			children = (
				96FF8B541DE6CDBF0054A224 /* Base */,
			);
			name = LaunchScreen.storyboard;
			sourceTree = "<group>";
		};
/* End PBXVariantGroup section */

/* Begin XCBuildConfiguration section */
		96FF8B6D1DE6CDBF0054A224 /* Debug */ = {
			isa = XCBuildConfiguration;
			buildSettings = {
				ALWAYS_SEARCH_USER_PATHS = NO;
				CLANG_ANALYZER_NONNULL = YES;
				CLANG_CXX_LANGUAGE_STANDARD = "gnu++0x";
				CLANG_CXX_LIBRARY = "libc++";
				CLANG_ENABLE_MODULES = YES;
				CLANG_ENABLE_OBJC_ARC = YES;
				CLANG_WARN_BOOL_CONVERSION = YES;
				CLANG_WARN_CONSTANT_CONVERSION = YES;
				CLANG_WARN_DIRECT_OBJC_ISA_USAGE = YES_ERROR;
				CLANG_WARN_DOCUMENTATION_COMMENTS = YES;
				CLANG_WARN_EMPTY_BODY = YES;
				CLANG_WARN_ENUM_CONVERSION = YES;
				CLANG_WARN_INFINITE_RECURSION = YES;
				CLANG_WARN_INT_CONVERSION = YES;
				CLANG_WARN_OBJC_ROOT_CLASS = YES_ERROR;
				CLANG_WARN_SUSPICIOUS_MOVES = YES;
				CLANG_WARN_UNREACHABLE_CODE = YES;
				CLANG_WARN__DUPLICATE_METHOD_MATCH = YES;
				"CODE_SIGN_IDENTITY[sdk=iphoneos*]" = "iPhone Developer";
				COPY_PHASE_STRIP = NO;
				DEBUG_INFORMATION_FORMAT = dwarf;
				ENABLE_STRICT_OBJC_MSGSEND = YES;
				ENABLE_TESTABILITY = YES;
				GCC_C_LANGUAGE_STANDARD = gnu99;
				GCC_DYNAMIC_NO_PIC = NO;
				GCC_NO_COMMON_BLOCKS = YES;
				GCC_OPTIMIZATION_LEVEL = 0;
				GCC_PREPROCESSOR_DEFINITIONS = (
					"DEBUG=1",
					"$(inherited)",
				);
				GCC_WARN_64_TO_32_BIT_CONVERSION = YES;
				GCC_WARN_ABOUT_RETURN_TYPE = YES_ERROR;
				GCC_WARN_UNDECLARED_SELECTOR = YES;
				GCC_WARN_UNINITIALIZED_AUTOS = YES_AGGRESSIVE;
				GCC_WARN_UNUSED_FUNCTION = YES;
				GCC_WARN_UNUSED_VARIABLE = YES;
				IPHONEOS_DEPLOYMENT_TARGET = 10.1;
				MTL_ENABLE_DEBUG_INFO = YES;
				ONLY_ACTIVE_ARCH = YES;
				SDKROOT = iphoneos;
			};
			name = Debug;
		};
		96FF8B6E1DE6CDBF0054A224 /* Release */ = {
			isa = XCBuildConfiguration;
			buildSettings = {
				ALWAYS_SEARCH_USER_PATHS = NO;
				CLANG_ANALYZER_NONNULL = YES;
				CLANG_CXX_LANGUAGE_STANDARD = "gnu++0x";
				CLANG_CXX_LIBRARY = "libc++";
				CLANG_ENABLE_MODULES = YES;
				CLANG_ENABLE_OBJC_ARC = YES;
				CLANG_WARN_BOOL_CONVERSION = YES;
				CLANG_WARN_CONSTANT_CONVERSION = YES;
				CLANG_WARN_DIRECT_OBJC_ISA_USAGE = YES_ERROR;
				CLANG_WARN_DOCUMENTATION_COMMENTS = YES;
				CLANG_WARN_EMPTY_BODY = YES;
				CLANG_WARN_ENUM_CONVERSION = YES;
				CLANG_WARN_INFINITE_RECURSION = YES;
				CLANG_WARN_INT_CONVERSION = YES;
				CLANG_WARN_OBJC_ROOT_CLASS = YES_ERROR;
				CLANG_WARN_SUSPICIOUS_MOVES = YES;
				CLANG_WARN_UNREACHABLE_CODE = YES;
				CLANG_WARN__DUPLICATE_METHOD_MATCH = YES;
				"CODE_SIGN_IDENTITY[sdk=iphoneos*]" = "iPhone Developer";
				COPY_PHASE_STRIP = NO;
				DEBUG_INFORMATION_FORMAT = "dwarf-with-dsym";
				ENABLE_NS_ASSERTIONS = NO;
				ENABLE_STRICT_OBJC_MSGSEND = YES;
				GCC_C_LANGUAGE_STANDARD = gnu99;
				GCC_NO_COMMON_BLOCKS = YES;
				GCC_WARN_64_TO_32_BIT_CONVERSION = YES;
				GCC_WARN_ABOUT_RETURN_TYPE = YES_ERROR;
				GCC_WARN_UNDECLARED_SELECTOR = YES;
				GCC_WARN_UNINITIALIZED_AUTOS = YES_AGGRESSIVE;
				GCC_WARN_UNUSED_FUNCTION = YES;
				GCC_WARN_UNUSED_VARIABLE = YES;
				IPHONEOS_DEPLOYMENT_TARGET = 10.1;
				MTL_ENABLE_DEBUG_INFO = NO;
				SDKROOT = iphoneos;
				VALIDATE_PRODUCT = YES;
			};
			name = Release;
		};
		96FF8B701DE6CDBF0054A224 /* Debug */ = {
			isa = XCBuildConfiguration;
			buildSettings = {
				ASSETCATALOG_COMPILER_APPICON_NAME = AppIcon;
				DEVELOPMENT_TEAM = X9EJ7HR3QF;
				INFOPLIST_FILE = TCPhotoBrowser/Info.plist;
				IPHONEOS_DEPLOYMENT_TARGET = 8.0;
				LD_RUNPATH_SEARCH_PATHS = "$(inherited) @executable_path/Frameworks";
				PRODUCT_BUNDLE_IDENTIFIER = com.TailC.TCPhotoBrowser;
				PRODUCT_NAME = "$(TARGET_NAME)";
			};
			name = Debug;
		};
		96FF8B711DE6CDBF0054A224 /* Release */ = {
			isa = XCBuildConfiguration;
			buildSettings = {
				ASSETCATALOG_COMPILER_APPICON_NAME = AppIcon;
				DEVELOPMENT_TEAM = X9EJ7HR3QF;
				INFOPLIST_FILE = TCPhotoBrowser/Info.plist;
				IPHONEOS_DEPLOYMENT_TARGET = 8.0;
				LD_RUNPATH_SEARCH_PATHS = "$(inherited) @executable_path/Frameworks";
				PRODUCT_BUNDLE_IDENTIFIER = com.TailC.TCPhotoBrowser;
				PRODUCT_NAME = "$(TARGET_NAME)";
			};
			name = Release;
		};
		96FF8B731DE6CDBF0054A224 /* Debug */ = {
			isa = XCBuildConfiguration;
			buildSettings = {
				BUNDLE_LOADER = "$(TEST_HOST)";
				DEVELOPMENT_TEAM = X9EJ7HR3QF;
				INFOPLIST_FILE = TCPhotoBrowserTests/Info.plist;
				LD_RUNPATH_SEARCH_PATHS = "$(inherited) @executable_path/Frameworks @loader_path/Frameworks";
				PRODUCT_BUNDLE_IDENTIFIER = com.TailC.TCPhotoBrowserTests;
				PRODUCT_NAME = "$(TARGET_NAME)";
				TEST_HOST = "$(BUILT_PRODUCTS_DIR)/TCPhotoBrowser.app/TCPhotoBrowser";
			};
			name = Debug;
		};
		96FF8B741DE6CDBF0054A224 /* Release */ = {
			isa = XCBuildConfiguration;
			buildSettings = {
				BUNDLE_LOADER = "$(TEST_HOST)";
				DEVELOPMENT_TEAM = X9EJ7HR3QF;
				INFOPLIST_FILE = TCPhotoBrowserTests/Info.plist;
				LD_RUNPATH_SEARCH_PATHS = "$(inherited) @executable_path/Frameworks @loader_path/Frameworks";
				PRODUCT_BUNDLE_IDENTIFIER = com.TailC.TCPhotoBrowserTests;
				PRODUCT_NAME = "$(TARGET_NAME)";
				TEST_HOST = "$(BUILT_PRODUCTS_DIR)/TCPhotoBrowser.app/TCPhotoBrowser";
			};
			name = Release;
		};
		96FF8B761DE6CDBF0054A224 /* Debug */ = {
			isa = XCBuildConfiguration;
			buildSettings = {
				DEVELOPMENT_TEAM = X9EJ7HR3QF;
				INFOPLIST_FILE = TCPhotoBrowserUITests/Info.plist;
				LD_RUNPATH_SEARCH_PATHS = "$(inherited) @executable_path/Frameworks @loader_path/Frameworks";
				PRODUCT_BUNDLE_IDENTIFIER = com.TailC.TCPhotoBrowserUITests;
				PRODUCT_NAME = "$(TARGET_NAME)";
				TEST_TARGET_NAME = TCPhotoBrowser;
			};
			name = Debug;
		};
		96FF8B771DE6CDBF0054A224 /* Release */ = {
			isa = XCBuildConfiguration;
			buildSettings = {
				DEVELOPMENT_TEAM = X9EJ7HR3QF;
				INFOPLIST_FILE = TCPhotoBrowserUITests/Info.plist;
				LD_RUNPATH_SEARCH_PATHS = "$(inherited) @executable_path/Frameworks @loader_path/Frameworks";
				PRODUCT_BUNDLE_IDENTIFIER = com.TailC.TCPhotoBrowserUITests;
				PRODUCT_NAME = "$(TARGET_NAME)";
				TEST_TARGET_NAME = TCPhotoBrowser;
			};
			name = Release;
		};
/* End XCBuildConfiguration section */

/* Begin XCConfigurationList section */
		96FF8B3D1DE6CDBF0054A224 /* Build configuration list for PBXProject "TCPhotoBrowser" */ = {
			isa = XCConfigurationList;
			buildConfigurations = (
				96FF8B6D1DE6CDBF0054A224 /* Debug */,
				96FF8B6E1DE6CDBF0054A224 /* Release */,
			);
			defaultConfigurationIsVisible = 0;
			defaultConfigurationName = Release;
		};
		96FF8B6F1DE6CDBF0054A224 /* Build configuration list for PBXNativeTarget "TCPhotoBrowser" */ = {
			isa = XCConfigurationList;
			buildConfigurations = (
				96FF8B701DE6CDBF0054A224 /* Debug */,
				96FF8B711DE6CDBF0054A224 /* Release */,
			);
			defaultConfigurationIsVisible = 0;
		};
		96FF8B721DE6CDBF0054A224 /* Build configuration list for PBXNativeTarget "TCPhotoBrowserTests" */ = {
			isa = XCConfigurationList;
			buildConfigurations = (
				96FF8B731DE6CDBF0054A224 /* Debug */,
				96FF8B741DE6CDBF0054A224 /* Release */,
			);
			defaultConfigurationIsVisible = 0;
		};
		96FF8B751DE6CDBF0054A224 /* Build configuration list for PBXNativeTarget "TCPhotoBrowserUITests" */ = {
			isa = XCConfigurationList;
			buildConfigurations = (
				96FF8B761DE6CDBF0054A224 /* Debug */,
				96FF8B771DE6CDBF0054A224 /* Release */,
			);
			defaultConfigurationIsVisible = 0;
		};
/* End XCConfigurationList section */
	};
	rootObject = 96FF8B3A1DE6CDBF0054A224 /* Project object */;
}
